
Microsoft Visual Studio Solution File, Format Version 12.00
# Visual Studio Version 16
VisualStudioVersion = 16.0.31025.194
MinimumVisualStudioVersion = 10.0.40219.1
Project("{FAE04EC0-301F-11D3-BF4B-00C04F79EFBC}") = "Programming_Project_2", "Programming_Project_2.csproj", "{BA87954F-9883-4E6C-B952-A26BA225A6E5}"
EndProject
Global
	GlobalSection(SolutionConfigurationPlatforms) = preSolution
		Debug|Any CPU = Debug|Any CPU
		Release|Any CPU = Release|Any CPU
	EndGlobalSection
	GlobalSection(ProjectConfigurationPlatforms) = postSolution
		{BA87954F-9883-4E6C-B952-A26BA225A6E5}.Debug|Any CPU.ActiveCfg = Debug|Any CPU
		{BA87954F-9883-4E6C-B952-A26BA225A6E5}.Debug|Any CPU.Build.0 = Debug|Any CPU
		{BA87954F-9883-4E6C-B952-A26BA225A6E5}.Release|Any CPU.ActiveCfg = Release|Any CPU
		{BA87954F-9883-4E6C-B952-A26BA225A6E5}.Release|Any CPU.Build.0 = Release|Any CPU
	EndGlobalSection
	GlobalSection(SolutionProperties) = preSolution
		HideSolutionNode = FALSE
	EndGlobalSection
	GlobalSection(ExtensibilityGlobals) = postSolution
		SolutionGuid = {76A57676-142B-4DF3-9DD4-D87B4B7D4DFD}
	EndGlobalSection
EndGlobal
