
Microsoft Visual Studio Solution File, Format Version 12.00
# Visual Studio Version 16
VisualStudioVersion = 16.0.31025.194
MinimumVisualStudioVersion = 10.0.40219.1
Project("{FAE04EC0-301F-11D3-BF4B-00C04F79EFBC}") = "Programming_Project_3", "Programming_Project_3.csproj", "{F7EE8333-37DC-4BAA-990E-BA5B815B6BCB}"
EndProject
Global
	GlobalSection(SolutionConfigurationPlatforms) = preSolution
		Debug|Any CPU = Debug|Any CPU
		Release|Any CPU = Release|Any CPU
	EndGlobalSection
	GlobalSection(ProjectConfigurationPlatforms) = postSolution
		{F7EE8333-37DC-4BAA-990E-BA5B815B6BCB}.Debug|Any CPU.ActiveCfg = Debug|Any CPU
		{F7EE8333-37DC-4BAA-990E-BA5B815B6BCB}.Debug|Any CPU.Build.0 = Debug|Any CPU
		{F7EE8333-37DC-4BAA-990E-BA5B815B6BCB}.Release|Any CPU.ActiveCfg = Release|Any CPU
		{F7EE8333-37DC-4BAA-990E-BA5B815B6BCB}.Release|Any CPU.Build.0 = Release|Any CPU
	EndGlobalSection
	GlobalSection(SolutionProperties) = preSolution
		HideSolutionNode = FALSE
	EndGlobalSection
	GlobalSection(ExtensibilityGlobals) = postSolution
		SolutionGuid = {3FD7E485-729C-460A-A378-A1C3BD63819A}
	EndGlobalSection
EndGlobal
