
Microsoft Visual Studio Solution File, Format Version 12.00
# Visual Studio Version 16
VisualStudioVersion = 16.0.31025.194
MinimumVisualStudioVersion = 10.0.40219.1
Project("{FAE04EC0-301F-11D3-BF4B-00C04F79EFBC}") = "W1_Exercise_1", "W1_Exercise_1.csproj", "{567AB4AC-F1D1-473D-9BEC-FEC34F127F6F}"
EndProject
Global
	GlobalSection(SolutionConfigurationPlatforms) = preSolution
		Debug|Any CPU = Debug|Any CPU
		Release|Any CPU = Release|Any CPU
	EndGlobalSection
	GlobalSection(ProjectConfigurationPlatforms) = postSolution
		{567AB4AC-F1D1-473D-9BEC-FEC34F127F6F}.Debug|Any CPU.ActiveCfg = Debug|Any CPU
		{567AB4AC-F1D1-473D-9BEC-FEC34F127F6F}.Debug|Any CPU.Build.0 = Debug|Any CPU
		{567AB4AC-F1D1-473D-9BEC-FEC34F127F6F}.Release|Any CPU.ActiveCfg = Release|Any CPU
		{567AB4AC-F1D1-473D-9BEC-FEC34F127F6F}.Release|Any CPU.Build.0 = Release|Any CPU
	EndGlobalSection
	GlobalSection(SolutionProperties) = preSolution
		HideSolutionNode = FALSE
	EndGlobalSection
	GlobalSection(ExtensibilityGlobals) = postSolution
		SolutionGuid = {797E980D-27EB-40BB-B564-34EC636CA534}
	EndGlobalSection
EndGlobal
