
Microsoft Visual Studio Solution File, Format Version 12.00
# Visual Studio Version 16
VisualStudioVersion = 16.0.31112.23
MinimumVisualStudioVersion = 10.0.40219.1
Project("{FAE04EC0-301F-11D3-BF4B-00C04F79EFBC}") = "GPU_Inventory", "GPU_Inventory\GPU_Inventory.csproj", "{5CFCADB7-80F8-4FA9-AD9F-10FC711D09E2}"
EndProject
Global
	GlobalSection(SolutionConfigurationPlatforms) = preSolution
		Debug|Any CPU = Debug|Any CPU
		Release|Any CPU = Release|Any CPU
	EndGlobalSection
	GlobalSection(ProjectConfigurationPlatforms) = postSolution
		{5CFCADB7-80F8-4FA9-AD9F-10FC711D09E2}.Debug|Any CPU.ActiveCfg = Debug|Any CPU
		{5CFCADB7-80F8-4FA9-AD9F-10FC711D09E2}.Debug|Any CPU.Build.0 = Debug|Any CPU
		{5CFCADB7-80F8-4FA9-AD9F-10FC711D09E2}.Release|Any CPU.ActiveCfg = Release|Any CPU
		{5CFCADB7-80F8-4FA9-AD9F-10FC711D09E2}.Release|Any CPU.Build.0 = Release|Any CPU
	EndGlobalSection
	GlobalSection(SolutionProperties) = preSolution
		HideSolutionNode = FALSE
	EndGlobalSection
	GlobalSection(ExtensibilityGlobals) = postSolution
		SolutionGuid = {C04987AF-7FD5-4835-9E11-77C73ED05D88}
	EndGlobalSection
EndGlobal
